// !$*UTF8*$!
{
	archiveVersion = 1;
	classes = {
	};
	objectVersion = 50;
	objects = {

/* Begin PBXBuildFile section */
		6CFB72A626FEDEF300F11F1E /* AppDelegate.m in Sources */ = {isa = PBXBuildFile; fileRef = 6CFB72A526FEDEF300F11F1E /* AppDelegate.m */; };
		6CFB72A926FEDEF300F11F1E /* SceneDelegate.m in Sources */ = {isa = PBXBuildFile; fileRef = 6CFB72A826FEDEF300F11F1E /* SceneDelegate.m */; };
		6CFB72AF26FEDEF300F11F1E /* Main.storyboard in Resources */ = {isa = PBXBuildFile; fileRef = 6CFB72AD26FEDEF300F11F1E /* Main.storyboard */; };
		6CFB72B126FEDEF900F11F1E /* Assets.xcassets in Resources */ = {isa = PBXBuildFile; fileRef = 6CFB72B026FEDEF900F11F1E /* Assets.xcassets */; };
		6CFB72B426FEDEF900F11F1E /* LaunchScreen.storyboard in Resources */ = {isa = PBXBuildFile; fileRef = 6CFB72B226FEDEF900F11F1E /* LaunchScreen.storyboard */; };
		6CFB72B726FEDEF900F11F1E /* main.m in Sources */ = {isa = PBXBuildFile; fileRef = 6CFB72B626FEDEF900F11F1E /* main.m */; };
		6CFB72C226FEE67900F11F1E /* MoviesController.m in Sources */ = {isa = PBXBuildFile; fileRef = 6CFB72C126FEE67900F11F1E /* MoviesController.m */; };
		6CFB72C526FEE8CE00F11F1E /* Movie.m in Sources */ = {isa = PBXBuildFile; fileRef = 6CFB72C426FEE8CE00F11F1E /* Movie.m */; };
		6CFB72C826FEE99E00F11F1E /* MoviesModel.m in Sources */ = {isa = PBXBuildFile; fileRef = 6CFB72C726FEE99E00F11F1E /* MoviesModel.m */; };
		6CFB72D326FF2A5900F11F1E /* MovieDetailController.m in Sources */ = {isa = PBXBuildFile; fileRef = 6CFB72D226FF2A5900F11F1E /* MovieDetailController.m */; };
/* End PBXBuildFile section */

/* Begin PBXFileReference section */
		6CFB72A126FEDEF300F11F1E /* MoviesProject.app */ = {isa = PBXFileReference; explicitFileType = wrapper.application; includeInIndex = 0; path = MoviesProject.app; sourceTree = BUILT_PRODUCTS_DIR; };
		6CFB72A426FEDEF300F11F1E /* AppDelegate.h */ = {isa = PBXFileReference; lastKnownFileType = sourcecode.c.h; path = AppDelegate.h; sourceTree = "<group>"; };
		6CFB72A526FEDEF300F11F1E /* AppDelegate.m */ = {isa = PBXFileReference; lastKnownFileType = sourcecode.c.objc; path = AppDelegate.m; sourceTree = "<group>"; };
		6CFB72A726FEDEF300F11F1E /* SceneDelegate.h */ = {isa = PBXFileReference; lastKnownFileType = sourcecode.c.h; path = SceneDelegate.h; sourceTree = "<group>"; };
		6CFB72A826FEDEF300F11F1E /* SceneDelegate.m */ = {isa = PBXFileReference; lastKnownFileType = sourcecode.c.objc; path = SceneDelegate.m; sourceTree = "<group>"; };
		6CFB72AE26FEDEF300F11F1E /* Base */ = {isa = PBXFileReference; lastKnownFileType = file.storyboard; name = Base; path = Base.lproj/Main.storyboard; sourceTree = "<group>"; };
		6CFB72B026FEDEF900F11F1E /* Assets.xcassets */ = {isa = PBXFileReference; lastKnownFileType = folder.assetcatalog; path = Assets.xcassets; sourceTree = "<group>"; };
		6CFB72B326FEDEF900F11F1E /* Base */ = {isa = PBXFileReference; lastKnownFileType = file.storyboard; name = Base; path = Base.lproj/LaunchScreen.storyboard; sourceTree = "<group>"; };
		6CFB72B526FEDEF900F11F1E /* Info.plist */ = {isa = PBXFileReference; lastKnownFileType = text.plist.xml; path = Info.plist; sourceTree = "<group>"; };
		6CFB72B626FEDEF900F11F1E /* main.m */ = {isa = PBXFileReference; lastKnownFileType = sourcecode.c.objc; path = main.m; sourceTree = "<group>"; };
		6CFB72C026FEE67900F11F1E /* MoviesController.h */ = {isa = PBXFileReference; lastKnownFileType = sourcecode.c.h; path = MoviesController.h; sourceTree = "<group>"; };
		6CFB72C126FEE67900F11F1E /* MoviesController.m */ = {isa = PBXFileReference; lastKnownFileType = sourcecode.c.objc; path = MoviesController.m; sourceTree = "<group>"; };
		6CFB72C326FEE8CE00F11F1E /* Movie.h */ = {isa = PBXFileReference; lastKnownFileType = sourcecode.c.h; path = Movie.h; sourceTree = "<group>"; };
		6CFB72C426FEE8CE00F11F1E /* Movie.m */ = {isa = PBXFileReference; lastKnownFileType = sourcecode.c.objc; path = Movie.m; sourceTree = "<group>"; };
		6CFB72C626FEE99E00F11F1E /* MoviesModel.h */ = {isa = PBXFileReference; lastKnownFileType = sourcecode.c.h; path = MoviesModel.h; sourceTree = "<group>"; };
		6CFB72C726FEE99E00F11F1E /* MoviesModel.m */ = {isa = PBXFileReference; lastKnownFileType = sourcecode.c.objc; path = MoviesModel.m; sourceTree = "<group>"; };
		6CFB72D126FF2A5900F11F1E /* MovieDetailController.h */ = {isa = PBXFileReference; lastKnownFileType = sourcecode.c.h; path = MovieDetailController.h; sourceTree = "<group>"; };
		6CFB72D226FF2A5900F11F1E /* MovieDetailController.m */ = {isa = PBXFileReference; lastKnownFileType = sourcecode.c.objc; path = MovieDetailController.m; sourceTree = "<group>"; };
/* End PBXFileReference section */

/* Begin PBXFrameworksBuildPhase section */
		6CFB729E26FEDEF300F11F1E /* Frameworks */ = {
			isa = PBXFrameworksBuildPhase;
			buildActionMask = 2147483647;
			files = (
			);
			runOnlyForDeploymentPostprocessing = 0;
		};
/* End PBXFrameworksBuildPhase section */

/* Begin PBXGroup section */
		6CFB729826FEDEF300F11F1E = {
			isa = PBXGroup;
			children = (
				6CFB72A326FEDEF300F11F1E /* MoviesProject */,
				6CFB72A226FEDEF300F11F1E /* Products */,
			);
			sourceTree = "<group>";
		};
		6CFB72A226FEDEF300F11F1E /* Products */ = {
			isa = PBXGroup;
			children = (
				6CFB72A126FEDEF300F11F1E /* MoviesProject.app */,
			);
			name = Products;
			sourceTree = "<group>";
		};
		6CFB72A326FEDEF300F11F1E /* MoviesProject */ = {
			isa = PBXGroup;
			children = (
				6CFB72A426FEDEF300F11F1E /* AppDelegate.h */,
				6CFB72A526FEDEF300F11F1E /* AppDelegate.m */,
				6CFB72A726FEDEF300F11F1E /* SceneDelegate.h */,
				6CFB72A826FEDEF300F11F1E /* SceneDelegate.m */,
				6CFB72BD26FEE5F400F11F1E /* Controllers */,
				6CFB72BF26FEE62B00F11F1E /* Models */,
				6CFB72BE26FEE61C00F11F1E /* Views */,
				6CFB72B026FEDEF900F11F1E /* Assets.xcassets */,
				6CFB72B526FEDEF900F11F1E /* Info.plist */,
				6CFB72B626FEDEF900F11F1E /* main.m */,
			);
			path = MoviesProject;
			sourceTree = "<group>";
		};
		6CFB72BD26FEE5F400F11F1E /* Controllers */ = {
			isa = PBXGroup;
			children = (
				6CFB72C026FEE67900F11F1E /* MoviesController.h */,
				6CFB72C126FEE67900F11F1E /* MoviesController.m */,
				6CFB72D126FF2A5900F11F1E /* MovieDetailController.h */,
				6CFB72D226FF2A5900F11F1E /* MovieDetailController.m */,
			);
			path = Controllers;
			sourceTree = "<group>";
		};
		6CFB72BE26FEE61C00F11F1E /* Views */ = {
			isa = PBXGroup;
			children = (
				6CFB72AD26FEDEF300F11F1E /* Main.storyboard */,
				6CFB72B226FEDEF900F11F1E /* LaunchScreen.storyboard */,
			);
			path = Views;
			sourceTree = "<group>";
		};
		6CFB72BF26FEE62B00F11F1E /* Models */ = {
			isa = PBXGroup;
			children = (
				6CFB72C326FEE8CE00F11F1E /* Movie.h */,
				6CFB72C426FEE8CE00F11F1E /* Movie.m */,
				6CFB72C626FEE99E00F11F1E /* MoviesModel.h */,
				6CFB72C726FEE99E00F11F1E /* MoviesModel.m */,
			);
			path = Models;
			sourceTree = "<group>";
		};
/* End PBXGroup section */

/* Begin PBXNativeTarget section */
		6CFB72A026FEDEF300F11F1E /* MoviesProject */ = {
			isa = PBXNativeTarget;
			buildConfigurationList = 6CFB72BA26FEDEF900F11F1E /* Build configuration list for PBXNativeTarget "MoviesProject" */;
			buildPhases = (
				6CFB729D26FEDEF300F11F1E /* Sources */,
				6CFB729E26FEDEF300F11F1E /* Frameworks */,
				6CFB729F26FEDEF300F11F1E /* Resources */,
			);
			buildRules = (
			);
			dependencies = (
			);
			name = MoviesProject;
			productName = MoviesProject;
			productReference = 6CFB72A126FEDEF300F11F1E /* MoviesProject.app */;
			productType = "com.apple.product-type.application";
		};
/* End PBXNativeTarget section */

/* Begin PBXProject section */
		6CFB729926FEDEF300F11F1E /* Project object */ = {
			isa = PBXProject;
			attributes = {
				LastUpgradeCheck = 1170;
				ORGANIZATIONNAME = "Eyal Avissar";
				TargetAttributes = {
					6CFB72A026FEDEF300F11F1E = {
						CreatedOnToolsVersion = 11.7;
					};
				};
			};
			buildConfigurationList = 6CFB729C26FEDEF300F11F1E /* Build configuration list for PBXProject "MoviesProject" */;
			compatibilityVersion = "Xcode 9.3";
			developmentRegion = en;
			hasScannedForEncodings = 0;
			knownRegions = (
				en,
				Base,
			);
			mainGroup = 6CFB729826FEDEF300F11F1E;
			productRefGroup = 6CFB72A226FEDEF300F11F1E /* Products */;
			projectDirPath = "";
			projectRoot = "";
			targets = (
				6CFB72A026FEDEF300F11F1E /* MoviesProject */,
			);
		};
/* End PBXProject section */

/* Begin PBXResourcesBuildPhase section */
		6CFB729F26FEDEF300F11F1E /* Resources */ = {
			isa = PBXResourcesBuildPhase;
			buildActionMask = 2147483647;
			files = (
				6CFB72B426FEDEF900F11F1E /* LaunchScreen.storyboard in Resources */,
				6CFB72B126FEDEF900F11F1E /* Assets.xcassets in Resources */,
				6CFB72AF26FEDEF300F11F1E /* Main.storyboard in Resources */,
			);
			runOnlyForDeploymentPostprocessing = 0;
		};
/* End PBXResourcesBuildPhase section */

/* Begin PBXSourcesBuildPhase section */
		6CFB729D26FEDEF300F11F1E /* Sources */ = {
			isa = PBXSourcesBuildPhase;
			buildActionMask = 2147483647;
			files = (
				6CFB72C826FEE99E00F11F1E /* MoviesModel.m in Sources */,
				6CFB72A626FEDEF300F11F1E /* AppDelegate.m in Sources */,
				6CFB72B726FEDEF900F11F1E /* main.m in Sources */,
				6CFB72C526FEE8CE00F11F1E /* Movie.m in Sources */,
				6CFB72C226FEE67900F11F1E /* MoviesController.m in Sources */,
				6CFB72A926FEDEF300F11F1E /* SceneDelegate.m in Sources */,
				6CFB72D326FF2A5900F11F1E /* MovieDetailController.m in Sources */,
			);
			runOnlyForDeploymentPostprocessing = 0;
		};
/* End PBXSourcesBuildPhase section */

/* Begin PBXVariantGroup section */
		6CFB72AD26FEDEF300F11F1E /* Main.storyboard */ = {
			isa = PBXVariantGroup;
			children = (
				6CFB72AE26FEDEF300F11F1E /* Base */,
			);
			name = Main.storyboard;
			sourceTree = "<group>";
		};
		6CFB72B226FEDEF900F11F1E /* LaunchScreen.storyboard */ = {
			isa = PBXVariantGroup;
			children = (
				6CFB72B326FEDEF900F11F1E /* Base */,
			);
			name = LaunchScreen.storyboard;
			sourceTree = "<group>";
		};
/* End PBXVariantGroup section */

/* Begin XCBuildConfiguration section */
		6CFB72B826FEDEF900F11F1E /* Debug */ = {
			isa = XCBuildConfiguration;
			buildSettings = {
				ALWAYS_SEARCH_USER_PATHS = NO;
				CLANG_ANALYZER_NONNULL = YES;
				CLANG_ANALYZER_NUMBER_OBJECT_CONVERSION = YES_AGGRESSIVE;
				CLANG_CXX_LANGUAGE_STANDARD = "gnu++14";
				CLANG_CXX_LIBRARY = "libc++";
				CLANG_ENABLE_MODULES = YES;
				CLANG_ENABLE_OBJC_ARC = YES;
				CLANG_ENABLE_OBJC_WEAK = YES;
				CLANG_WARN_BLOCK_CAPTURE_AUTORELEASING = YES;
				CLANG_WARN_BOOL_CONVERSION = YES;
				CLANG_WARN_COMMA = YES;
				CLANG_WARN_CONSTANT_CONVERSION = YES;
				CLANG_WARN_DEPRECATED_OBJC_IMPLEMENTATIONS = YES;
				CLANG_WARN_DIRECT_OBJC_ISA_USAGE = YES_ERROR;
				CLANG_WARN_DOCUMENTATION_COMMENTS = YES;
				CLANG_WARN_EMPTY_BODY = YES;
				CLANG_WARN_ENUM_CONVERSION = YES;
				CLANG_WARN_INFINITE_RECURSION = YES;
				CLANG_WARN_INT_CONVERSION = YES;
				CLANG_WARN_NON_LITERAL_NULL_CONVERSION = YES;
				CLANG_WARN_OBJC_IMPLICIT_RETAIN_SELF = YES;
				CLANG_WARN_OBJC_LITERAL_CONVERSION = YES;
				CLANG_WARN_OBJC_ROOT_CLASS = YES_ERROR;
				CLANG_WARN_RANGE_LOOP_ANALYSIS = YES;
				CLANG_WARN_STRICT_PROTOTYPES = YES;
				CLANG_WARN_SUSPICIOUS_MOVE = YES;
				CLANG_WARN_UNGUARDED_AVAILABILITY = YES_AGGRESSIVE;
				CLANG_WARN_UNREACHABLE_CODE = YES;
				CLANG_WARN__DUPLICATE_METHOD_MATCH = YES;
				COPY_PHASE_STRIP = NO;
				DEBUG_INFORMATION_FORMAT = dwarf;
				ENABLE_STRICT_OBJC_MSGSEND = YES;
				ENABLE_TESTABILITY = YES;
				GCC_C_LANGUAGE_STANDARD = gnu11;
				GCC_DYNAMIC_NO_PIC = NO;
				GCC_NO_COMMON_BLOCKS = YES;
				GCC_OPTIMIZATION_LEVEL = 0;
				GCC_PREPROCESSOR_DEFINITIONS = (
					"DEBUG=1",
					"$(inherited)",
				);
				GCC_WARN_64_TO_32_BIT_CONVERSION = YES;
				GCC_WARN_ABOUT_RETURN_TYPE = YES_ERROR;
				GCC_WARN_UNDECLARED_SELECTOR = YES;
				GCC_WARN_UNINITIALIZED_AUTOS = YES_AGGRESSIVE;
				GCC_WARN_UNUSED_FUNCTION = YES;
				GCC_WARN_UNUSED_VARIABLE = YES;
				IPHONEOS_DEPLOYMENT_TARGET = 13.7;
				MTL_ENABLE_DEBUG_INFO = INCLUDE_SOURCE;
				MTL_FAST_MATH = YES;
				ONLY_ACTIVE_ARCH = YES;
				SDKROOT = iphoneos;
			};
			name = Debug;
		};
		6CFB72B926FEDEF900F11F1E /* Release */ = {
			isa = XCBuildConfiguration;
			buildSettings = {
				ALWAYS_SEARCH_USER_PATHS = NO;
				CLANG_ANALYZER_NONNULL = YES;
				CLANG_ANALYZER_NUMBER_OBJECT_CONVERSION = YES_AGGRESSIVE;
				CLANG_CXX_LANGUAGE_STANDARD = "gnu++14";
				CLANG_CXX_LIBRARY = "libc++";
				CLANG_ENABLE_MODULES = YES;
				CLANG_ENABLE_OBJC_ARC = YES;
				CLANG_ENABLE_OBJC_WEAK = YES;
				CLANG_WARN_BLOCK_CAPTURE_AUTORELEASING = YES;
				CLANG_WARN_BOOL_CONVERSION = YES;
				CLANG_WARN_COMMA = YES;
				CLANG_WARN_CONSTANT_CONVERSION = YES;
				CLANG_WARN_DEPRECATED_OBJC_IMPLEMENTATIONS = YES;
				CLANG_WARN_DIRECT_OBJC_ISA_USAGE = YES_ERROR;
				CLANG_WARN_DOCUMENTATION_COMMENTS = YES;
				CLANG_WARN_EMPTY_BODY = YES;
				CLANG_WARN_ENUM_CONVERSION = YES;
				CLANG_WARN_INFINITE_RECURSION = YES;
				CLANG_WARN_INT_CONVERSION = YES;
				CLANG_WARN_NON_LITERAL_NULL_CONVERSION = YES;
				CLANG_WARN_OBJC_IMPLICIT_RETAIN_SELF = YES;
				CLANG_WARN_OBJC_LITERAL_CONVERSION = YES;
				CLANG_WARN_OBJC_ROOT_CLASS = YES_ERROR;
				CLANG_WARN_RANGE_LOOP_ANALYSIS = YES;
				CLANG_WARN_STRICT_PROTOTYPES = YES;
				CLANG_WARN_SUSPICIOUS_MOVE = YES;
				CLANG_WARN_UNGUARDED_AVAILABILITY = YES_AGGRESSIVE;
				CLANG_WARN_UNREACHABLE_CODE = YES;
				CLANG_WARN__DUPLICATE_METHOD_MATCH = YES;
				COPY_PHASE_STRIP = NO;
				DEBUG_INFORMATION_FORMAT = "dwarf-with-dsym";
				ENABLE_NS_ASSERTIONS = NO;
				ENABLE_STRICT_OBJC_MSGSEND = YES;
				GCC_C_LANGUAGE_STANDARD = gnu11;
				GCC_NO_COMMON_BLOCKS = YES;
				GCC_WARN_64_TO_32_BIT_CONVERSION = YES;
				GCC_WARN_ABOUT_RETURN_TYPE = YES_ERROR;
				GCC_WARN_UNDECLARED_SELECTOR = YES;
				GCC_WARN_UNINITIALIZED_AUTOS = YES_AGGRESSIVE;
				GCC_WARN_UNUSED_FUNCTION = YES;
				GCC_WARN_UNUSED_VARIABLE = YES;
				IPHONEOS_DEPLOYMENT_TARGET = 13.7;
				MTL_ENABLE_DEBUG_INFO = NO;
				MTL_FAST_MATH = YES;
				SDKROOT = iphoneos;
				VALIDATE_PRODUCT = YES;
			};
			name = Release;
		};
		6CFB72BB26FEDEF900F11F1E /* Debug */ = {
			isa = XCBuildConfiguration;
			buildSettings = {
				ASSETCATALOG_COMPILER_APPICON_NAME = AppIcon;
				CODE_SIGN_STYLE = Automatic;
				INFOPLIST_FILE = MoviesProject/Info.plist;
				LD_RUNPATH_SEARCH_PATHS = (
					"$(inherited)",
					"@executable_path/Frameworks",
				);
				PRODUCT_BUNDLE_IDENTIFIER = il.co.hyperactive.MoviesProject;
				PRODUCT_NAME = "$(TARGET_NAME)";
				TARGETED_DEVICE_FAMILY = "1,2";
			};
			name = Debug;
		};
		6CFB72BC26FEDEF900F11F1E /* Release */ = {
			isa = XCBuildConfiguration;
			buildSettings = {
				ASSETCATALOG_COMPILER_APPICON_NAME = AppIcon;
				CODE_SIGN_STYLE = Automatic;
				INFOPLIST_FILE = MoviesProject/Info.plist;
				LD_RUNPATH_SEARCH_PATHS = (
					"$(inherited)",
					"@executable_path/Frameworks",
				);
				PRODUCT_BUNDLE_IDENTIFIER = il.co.hyperactive.MoviesProject;
				PRODUCT_NAME = "$(TARGET_NAME)";
				TARGETED_DEVICE_FAMILY = "1,2";
			};
			name = Release;
		};
/* End XCBuildConfiguration section */

/* Begin XCConfigurationList section */
		6CFB729C26FEDEF300F11F1E /* Build configuration list for PBXProject "MoviesProject" */ = {
			isa = XCConfigurationList;
			buildConfigurations = (
				6CFB72B826FEDEF900F11F1E /* Debug */,
				6CFB72B926FEDEF900F11F1E /* Release */,
			);
			defaultConfigurationIsVisible = 0;
			defaultConfigurationName = Release;
		};
		6CFB72BA26FEDEF900F11F1E /* Build configuration list for PBXNativeTarget "MoviesProject" */ = {
			isa = XCConfigurationList;
			buildConfigurations = (
				6CFB72BB26FEDEF900F11F1E /* Debug */,
				6CFB72BC26FEDEF900F11F1E /* Release */,
			);
			defaultConfigurationIsVisible = 0;
			defaultConfigurationName = Release;
		};
/* End XCConfigurationList section */
	};
	rootObject = 6CFB729926FEDEF300F11F1E /* Project object */;
}
